
Microsoft Visual Studio Solution File, Format Version 12.00
Project("{2150E333-8FDC-42A3-9474-1A3956D46DE8}") = "Microservices", "Microservices", "{207C348B-F08A-491E-AB6A-DAB5C9A8DF18}"
EndProject
Project("{2150E333-8FDC-42A3-9474-1A3956D46DE8}") = "Domain", "Domain", "{8D468E6D-F2E1-409C-B2FC-8EE08FEAF3C0}"
EndProject
Project("{2150E333-8FDC-42A3-9474-1A3956D46DE8}") = "Infra.Bus", "Infra.Bus", "{3A4780DD-FCD9-4E2D-9F48-B97D8207F979}"
EndProject
Project("{2150E333-8FDC-42A3-9474-1A3956D46DE8}") = "Infra.IoC", "Infra.IoC", "{6D414B36-442C-4329-BA42-0D4B99992ADC}"
EndProject
Project("{2150E333-8FDC-42A3-9474-1A3956D46DE8}") = "Presentation", "Presentation", "{E8979AA9-E5EF-4B89-96F3-5F607248C6F2}"
EndProject
Project("{FAE04EC0-301F-11D3-BF4B-00C04F79EFBC}") = "MicroRabbit.Domain.Core", "MicroRabbit.Domain.Core\MicroRabbit.Domain.Core.csproj", "{28648D64-5D49-41A6-B3DD-C6E03C89EF46}"
EndProject
Project("{FAE04EC0-301F-11D3-BF4B-00C04F79EFBC}") = "MicroRabbit.Infra.Bus", "MicroRabbit.Infra.Bus\MicroRabbit.Infra.Bus.csproj", "{A25A3DA3-8546-485D-AFD1-6113EC911DF4}"
EndProject
Project("{FAE04EC0-301F-11D3-BF4B-00C04F79EFBC}") = "MicroRabbit.Infra.IoC", "MicroRabbit.Infra.IoC\MicroRabbit.Infra.IoC.csproj", "{BBD12C56-450C-426B-8AF9-11E7D5420DDD}"
EndProject
Project("{2150E333-8FDC-42A3-9474-1A3956D46DE8}") = "Banking", "Banking", "{65C1C858-B8E6-41D2-B437-CE2E2AE12065}"
EndProject
Project("{2150E333-8FDC-42A3-9474-1A3956D46DE8}") = "Api", "Api", "{6210E513-4A69-4272-9122-9C441518796F}"
EndProject
Project("{2150E333-8FDC-42A3-9474-1A3956D46DE8}") = "Domain", "Domain", "{014E9412-8953-4325-BABD-97AA09F45BCD}"
EndProject
Project("{2150E333-8FDC-42A3-9474-1A3956D46DE8}") = "Application", "Application", "{70A58857-455C-4754-8EB1-5A4F39471DE2}"
EndProject
Project("{2150E333-8FDC-42A3-9474-1A3956D46DE8}") = "Data", "Data", "{315AD30F-0C88-431C-989D-E3FAA887BCCC}"
EndProject
Project("{FAE04EC0-301F-11D3-BF4B-00C04F79EFBC}") = "MicroRabbit.Banking.Api", "MicroRabbit.Banking.Api\MicroRabbit.Banking.Api.csproj", "{EA276E95-7ECA-47A0-A563-6FA56E730C57}"
EndProject
Project("{FAE04EC0-301F-11D3-BF4B-00C04F79EFBC}") = "MicroRabbit.Banking.Application", "MicroRabbit.Banking.Application\MicroRabbit.Banking.Application.csproj", "{F45ECECF-B342-412A-943B-B56A76258EF8}"
EndProject
Project("{FAE04EC0-301F-11D3-BF4B-00C04F79EFBC}") = "MicroRabbit.Banking.Data", "MicroRabbit.Banking.Data\MicroRabbit.Banking.Data.csproj", "{550BF566-8395-4361-8537-50B43B09B4EE}"
EndProject
Project("{FAE04EC0-301F-11D3-BF4B-00C04F79EFBC}") = "MicroRabbit.Banking.Domain", "MicroRabbit.Banking.Domain\MicroRabbit.Banking.Domain.csproj", "{D0C57062-05F7-416A-BB7C-8FC0CF3CEE50}"
EndProject
Project("{2150E333-8FDC-42A3-9474-1A3956D46DE8}") = "Transfer", "Transfer", "{C8FB216F-0D51-4DEA-9BF7-397AD0621777}"
EndProject
Project("{2150E333-8FDC-42A3-9474-1A3956D46DE8}") = "Api", "Api", "{4CC3E5BA-4FAE-4BE3-9F23-654BF5955BAF}"
EndProject
Project("{2150E333-8FDC-42A3-9474-1A3956D46DE8}") = "Application", "Application", "{6C9B1552-92E9-4807-BC63-04F195B998C6}"
EndProject
Project("{2150E333-8FDC-42A3-9474-1A3956D46DE8}") = "Domain", "Domain", "{E06F962D-FDD3-426F-8B4A-21F21D7A2BB8}"
EndProject
Project("{2150E333-8FDC-42A3-9474-1A3956D46DE8}") = "Data", "Data", "{CC6B45D2-3F48-40B5-BA09-B55057496FFA}"
EndProject
Project("{FAE04EC0-301F-11D3-BF4B-00C04F79EFBC}") = "MicroRabbit.Transfer.Api", "MicroRabbit.Transfer.Api\MicroRabbit.Transfer.Api.csproj", "{50D8C7EA-4254-4813-BCC7-CAE9785B8853}"
EndProject
Project("{FAE04EC0-301F-11D3-BF4B-00C04F79EFBC}") = "MicroRabbit.Transfer.Application", "MicroRabbit.Transfer.Application\MicroRabbit.Transfer.Application.csproj", "{5014EBFC-9EDC-456F-B6DD-B34105C1628B}"
EndProject
Project("{FAE04EC0-301F-11D3-BF4B-00C04F79EFBC}") = "MicroRabbit.Transfer.Domain", "MicroRabbit.Transfer.Domain\MicroRabbit.Transfer.Domain.csproj", "{0AFFA97C-5123-4B94-8ED5-0B784AFA0147}"
EndProject
Project("{FAE04EC0-301F-11D3-BF4B-00C04F79EFBC}") = "MicroRabbit.Transfer.Data", "MicroRabbit.Transfer.Data\MicroRabbit.Transfer.Data.csproj", "{C0158A38-B75B-4F63-B3E4-145DF34E5C60}"
EndProject
Project("{FAE04EC0-301F-11D3-BF4B-00C04F79EFBC}") = "MicroRabbit.Mvc", "MicroRabbit.Mvc\MicroRabbit.Mvc.csproj", "{C0429894-065E-4291-A195-DCECE50ADC04}"
EndProject
Global
	GlobalSection(SolutionConfigurationPlatforms) = preSolution
		Debug|Any CPU = Debug|Any CPU
		Release|Any CPU = Release|Any CPU
	EndGlobalSection
	GlobalSection(NestedProjects) = preSolution
		{28648D64-5D49-41A6-B3DD-C6E03C89EF46} = {8D468E6D-F2E1-409C-B2FC-8EE08FEAF3C0}
		{A25A3DA3-8546-485D-AFD1-6113EC911DF4} = {3A4780DD-FCD9-4E2D-9F48-B97D8207F979}
		{BBD12C56-450C-426B-8AF9-11E7D5420DDD} = {6D414B36-442C-4329-BA42-0D4B99992ADC}
		{65C1C858-B8E6-41D2-B437-CE2E2AE12065} = {207C348B-F08A-491E-AB6A-DAB5C9A8DF18}
		{6210E513-4A69-4272-9122-9C441518796F} = {65C1C858-B8E6-41D2-B437-CE2E2AE12065}
		{014E9412-8953-4325-BABD-97AA09F45BCD} = {65C1C858-B8E6-41D2-B437-CE2E2AE12065}
		{70A58857-455C-4754-8EB1-5A4F39471DE2} = {65C1C858-B8E6-41D2-B437-CE2E2AE12065}
		{315AD30F-0C88-431C-989D-E3FAA887BCCC} = {65C1C858-B8E6-41D2-B437-CE2E2AE12065}
		{EA276E95-7ECA-47A0-A563-6FA56E730C57} = {6210E513-4A69-4272-9122-9C441518796F}
		{F45ECECF-B342-412A-943B-B56A76258EF8} = {70A58857-455C-4754-8EB1-5A4F39471DE2}
		{550BF566-8395-4361-8537-50B43B09B4EE} = {315AD30F-0C88-431C-989D-E3FAA887BCCC}
		{D0C57062-05F7-416A-BB7C-8FC0CF3CEE50} = {014E9412-8953-4325-BABD-97AA09F45BCD}
		{C8FB216F-0D51-4DEA-9BF7-397AD0621777} = {207C348B-F08A-491E-AB6A-DAB5C9A8DF18}
		{4CC3E5BA-4FAE-4BE3-9F23-654BF5955BAF} = {C8FB216F-0D51-4DEA-9BF7-397AD0621777}
		{6C9B1552-92E9-4807-BC63-04F195B998C6} = {C8FB216F-0D51-4DEA-9BF7-397AD0621777}
		{E06F962D-FDD3-426F-8B4A-21F21D7A2BB8} = {C8FB216F-0D51-4DEA-9BF7-397AD0621777}
		{CC6B45D2-3F48-40B5-BA09-B55057496FFA} = {C8FB216F-0D51-4DEA-9BF7-397AD0621777}
		{50D8C7EA-4254-4813-BCC7-CAE9785B8853} = {4CC3E5BA-4FAE-4BE3-9F23-654BF5955BAF}
		{5014EBFC-9EDC-456F-B6DD-B34105C1628B} = {6C9B1552-92E9-4807-BC63-04F195B998C6}
		{C0158A38-B75B-4F63-B3E4-145DF34E5C60} = {CC6B45D2-3F48-40B5-BA09-B55057496FFA}
		{0AFFA97C-5123-4B94-8ED5-0B784AFA0147} = {E06F962D-FDD3-426F-8B4A-21F21D7A2BB8}
		{C0429894-065E-4291-A195-DCECE50ADC04} = {E8979AA9-E5EF-4B89-96F3-5F607248C6F2}
	EndGlobalSection
	GlobalSection(ProjectConfigurationPlatforms) = postSolution
		{28648D64-5D49-41A6-B3DD-C6E03C89EF46}.Debug|Any CPU.ActiveCfg = Debug|Any CPU
		{28648D64-5D49-41A6-B3DD-C6E03C89EF46}.Debug|Any CPU.Build.0 = Debug|Any CPU
		{28648D64-5D49-41A6-B3DD-C6E03C89EF46}.Release|Any CPU.ActiveCfg = Release|Any CPU
		{28648D64-5D49-41A6-B3DD-C6E03C89EF46}.Release|Any CPU.Build.0 = Release|Any CPU
		{A25A3DA3-8546-485D-AFD1-6113EC911DF4}.Debug|Any CPU.ActiveCfg = Debug|Any CPU
		{A25A3DA3-8546-485D-AFD1-6113EC911DF4}.Debug|Any CPU.Build.0 = Debug|Any CPU
		{A25A3DA3-8546-485D-AFD1-6113EC911DF4}.Release|Any CPU.ActiveCfg = Release|Any CPU
		{A25A3DA3-8546-485D-AFD1-6113EC911DF4}.Release|Any CPU.Build.0 = Release|Any CPU
		{BBD12C56-450C-426B-8AF9-11E7D5420DDD}.Debug|Any CPU.ActiveCfg = Debug|Any CPU
		{BBD12C56-450C-426B-8AF9-11E7D5420DDD}.Debug|Any CPU.Build.0 = Debug|Any CPU
		{BBD12C56-450C-426B-8AF9-11E7D5420DDD}.Release|Any CPU.ActiveCfg = Release|Any CPU
		{BBD12C56-450C-426B-8AF9-11E7D5420DDD}.Release|Any CPU.Build.0 = Release|Any CPU
		{EA276E95-7ECA-47A0-A563-6FA56E730C57}.Debug|Any CPU.ActiveCfg = Debug|Any CPU
		{EA276E95-7ECA-47A0-A563-6FA56E730C57}.Debug|Any CPU.Build.0 = Debug|Any CPU
		{EA276E95-7ECA-47A0-A563-6FA56E730C57}.Release|Any CPU.ActiveCfg = Release|Any CPU
		{EA276E95-7ECA-47A0-A563-6FA56E730C57}.Release|Any CPU.Build.0 = Release|Any CPU
		{F45ECECF-B342-412A-943B-B56A76258EF8}.Debug|Any CPU.ActiveCfg = Debug|Any CPU
		{F45ECECF-B342-412A-943B-B56A76258EF8}.Debug|Any CPU.Build.0 = Debug|Any CPU
		{F45ECECF-B342-412A-943B-B56A76258EF8}.Release|Any CPU.ActiveCfg = Release|Any CPU
		{F45ECECF-B342-412A-943B-B56A76258EF8}.Release|Any CPU.Build.0 = Release|Any CPU
		{550BF566-8395-4361-8537-50B43B09B4EE}.Debug|Any CPU.ActiveCfg = Debug|Any CPU
		{550BF566-8395-4361-8537-50B43B09B4EE}.Debug|Any CPU.Build.0 = Debug|Any CPU
		{550BF566-8395-4361-8537-50B43B09B4EE}.Release|Any CPU.ActiveCfg = Release|Any CPU
		{550BF566-8395-4361-8537-50B43B09B4EE}.Release|Any CPU.Build.0 = Release|Any CPU
		{D0C57062-05F7-416A-BB7C-8FC0CF3CEE50}.Debug|Any CPU.ActiveCfg = Debug|Any CPU
		{D0C57062-05F7-416A-BB7C-8FC0CF3CEE50}.Debug|Any CPU.Build.0 = Debug|Any CPU
		{D0C57062-05F7-416A-BB7C-8FC0CF3CEE50}.Release|Any CPU.ActiveCfg = Release|Any CPU
		{D0C57062-05F7-416A-BB7C-8FC0CF3CEE50}.Release|Any CPU.Build.0 = Release|Any CPU
		{50D8C7EA-4254-4813-BCC7-CAE9785B8853}.Debug|Any CPU.ActiveCfg = Debug|Any CPU
		{50D8C7EA-4254-4813-BCC7-CAE9785B8853}.Debug|Any CPU.Build.0 = Debug|Any CPU
		{50D8C7EA-4254-4813-BCC7-CAE9785B8853}.Release|Any CPU.ActiveCfg = Release|Any CPU
		{50D8C7EA-4254-4813-BCC7-CAE9785B8853}.Release|Any CPU.Build.0 = Release|Any CPU
		{5014EBFC-9EDC-456F-B6DD-B34105C1628B}.Debug|Any CPU.ActiveCfg = Debug|Any CPU
		{5014EBFC-9EDC-456F-B6DD-B34105C1628B}.Debug|Any CPU.Build.0 = Debug|Any CPU
		{5014EBFC-9EDC-456F-B6DD-B34105C1628B}.Release|Any CPU.ActiveCfg = Release|Any CPU
		{5014EBFC-9EDC-456F-B6DD-B34105C1628B}.Release|Any CPU.Build.0 = Release|Any CPU
		{0AFFA97C-5123-4B94-8ED5-0B784AFA0147}.Debug|Any CPU.ActiveCfg = Debug|Any CPU
		{0AFFA97C-5123-4B94-8ED5-0B784AFA0147}.Debug|Any CPU.Build.0 = Debug|Any CPU
		{0AFFA97C-5123-4B94-8ED5-0B784AFA0147}.Release|Any CPU.ActiveCfg = Release|Any CPU
		{0AFFA97C-5123-4B94-8ED5-0B784AFA0147}.Release|Any CPU.Build.0 = Release|Any CPU
		{C0158A38-B75B-4F63-B3E4-145DF34E5C60}.Debug|Any CPU.ActiveCfg = Debug|Any CPU
		{C0158A38-B75B-4F63-B3E4-145DF34E5C60}.Debug|Any CPU.Build.0 = Debug|Any CPU
		{C0158A38-B75B-4F63-B3E4-145DF34E5C60}.Release|Any CPU.ActiveCfg = Release|Any CPU
		{C0158A38-B75B-4F63-B3E4-145DF34E5C60}.Release|Any CPU.Build.0 = Release|Any CPU
		{C0429894-065E-4291-A195-DCECE50ADC04}.Debug|Any CPU.ActiveCfg = Debug|Any CPU
		{C0429894-065E-4291-A195-DCECE50ADC04}.Debug|Any CPU.Build.0 = Debug|Any CPU
		{C0429894-065E-4291-A195-DCECE50ADC04}.Release|Any CPU.ActiveCfg = Release|Any CPU
		{C0429894-065E-4291-A195-DCECE50ADC04}.Release|Any CPU.Build.0 = Release|Any CPU
	EndGlobalSection
EndGlobal
